
Microsoft Visual Studio Solution File, Format Version 12.00
# Visual Studio 15
VisualStudioVersion = 15.0.28010.2003
MinimumVisualStudioVersion = 10.0.40219.1
Project("{FAE04EC0-301F-11D3-BF4B-00C04F79EFBC}") = "MonitoramentoSensores", "MonitoramentoSensores\MonitoramentoSensores.csproj", "{CF3D797A-B1AE-481F-9836-C701116E057E}"
EndProject
Project("{FAE04EC0-301F-11D3-BF4B-00C04F79EFBC}") = "MonitoramentoSensores.MOD", "MonitoramentoSensores.MOD\MonitoramentoSensores.MOD.csproj", "{3CBBD668-EAE2-4DD8-A2EB-58020AB2CD6D}"
EndProject
Project("{FAE04EC0-301F-11D3-BF4B-00C04F79EFBC}") = "MonitoramentoSensores.BLL", "MonitoramentoSensores.BLL\MonitoramentoSensores.BLL.csproj", "{C64B323E-69A1-4786-8F64-1717BD678D44}"
EndProject
Project("{FAE04EC0-301F-11D3-BF4B-00C04F79EFBC}") = "MonitoramentoSensores.DAL", "MonitoramentoSensores.DAL\MonitoramentoSensores.DAL.csproj", "{EA6A684E-40D9-4F7B-945C-0165F7D9194F}"
EndProject
Global
	GlobalSection(SolutionConfigurationPlatforms) = preSolution
		Debug|Any CPU = Debug|Any CPU
		Release|Any CPU = Release|Any CPU
	EndGlobalSection
	GlobalSection(ProjectConfigurationPlatforms) = postSolution
		{CF3D797A-B1AE-481F-9836-C701116E057E}.Debug|Any CPU.ActiveCfg = Debug|Any CPU
		{CF3D797A-B1AE-481F-9836-C701116E057E}.Debug|Any CPU.Build.0 = Debug|Any CPU
		{CF3D797A-B1AE-481F-9836-C701116E057E}.Release|Any CPU.ActiveCfg = Release|Any CPU
		{CF3D797A-B1AE-481F-9836-C701116E057E}.Release|Any CPU.Build.0 = Release|Any CPU
		{3CBBD668-EAE2-4DD8-A2EB-58020AB2CD6D}.Debug|Any CPU.ActiveCfg = Debug|Any CPU
		{3CBBD668-EAE2-4DD8-A2EB-58020AB2CD6D}.Debug|Any CPU.Build.0 = Debug|Any CPU
		{3CBBD668-EAE2-4DD8-A2EB-58020AB2CD6D}.Release|Any CPU.ActiveCfg = Release|Any CPU
		{3CBBD668-EAE2-4DD8-A2EB-58020AB2CD6D}.Release|Any CPU.Build.0 = Release|Any CPU
		{C64B323E-69A1-4786-8F64-1717BD678D44}.Debug|Any CPU.ActiveCfg = Debug|Any CPU
		{C64B323E-69A1-4786-8F64-1717BD678D44}.Debug|Any CPU.Build.0 = Debug|Any CPU
		{C64B323E-69A1-4786-8F64-1717BD678D44}.Release|Any CPU.ActiveCfg = Release|Any CPU
		{C64B323E-69A1-4786-8F64-1717BD678D44}.Release|Any CPU.Build.0 = Release|Any CPU
		{EA6A684E-40D9-4F7B-945C-0165F7D9194F}.Debug|Any CPU.ActiveCfg = Debug|Any CPU
		{EA6A684E-40D9-4F7B-945C-0165F7D9194F}.Debug|Any CPU.Build.0 = Debug|Any CPU
		{EA6A684E-40D9-4F7B-945C-0165F7D9194F}.Release|Any CPU.ActiveCfg = Release|Any CPU
		{EA6A684E-40D9-4F7B-945C-0165F7D9194F}.Release|Any CPU.Build.0 = Release|Any CPU
	EndGlobalSection
	GlobalSection(SolutionProperties) = preSolution
		HideSolutionNode = FALSE
	EndGlobalSection
	GlobalSection(ExtensibilityGlobals) = postSolution
		SolutionGuid = {66221DC4-6A87-4CA7-9954-8C9BAB143F0C}
	EndGlobalSection
EndGlobal
